{
  "name": "simple-esm",
  "version": "1.0.0",
  "lockfileVersion": 3,
  "requires": true,
  "packages": {
    "": {
      "name": "simple-esm",
      "version": "1.0.0",
      "license": "ISC",
      "dependencies": {
        "@coderline/alphaskia": "^2.1.120",
        "@coderline/alphaskia-linux": "^2.1.120",
        "@coderline/alphaskia-macos": "^2.1.120",
        "@coderline/alphaskia-windows": "^2.1.120",
        "@coderline/alphatab": "^1.5.0-alpha.1396"
      }
    },
    "node_modules/@coderline/alphaskia": {
      "version": "2.1.120",
      "resolved": "https://registry.npmjs.org/@coderline/alphaskia/-/alphaskia-2.1.120.tgz",
      "integrity": "sha512-BKpiihZiR4PJUUOwE+PDvQ25jdptB8NXYne99OBl5A73ow7bNBQnvB2aedWTuP7IWUYYqLuOR08awtV5lrR/cg==",
      "engines": {
        "node": ">=18.0.0"
      },
      "optionalDependencies": {
        "@coderline/alphaskia-linux": "^2.1.0",
        "@coderline/alphaskia-macos": "^2.1.0",
        "@coderline/alphaskia-windows": "^2.1.0"
      }
    },
    "node_modules/@coderline/alphaskia-linux": {
      "version": "2.1.120",
      "resolved": "https://registry.npmjs.org/@coderline/alphaskia-linux/-/alphaskia-linux-2.1.120.tgz",
      "integrity": "sha512-6cwwj0eKX0AW2NQTUzjsALBz9B2jBvhAZRdJuoEF9TwXuPrtiKsC+sehKDQ6RdvrAoh/GW9TVCv11Mt0brfhOw==",
      "engines": {
        "node": ">=18.0.0"
      }
    },
    "node_modules/@coderline/alphaskia-macos": {
      "version": "2.1.120",
      "resolved": "https://registry.npmjs.org/@coderline/alphaskia-macos/-/alphaskia-macos-2.1.120.tgz",
      "integrity": "sha512-DH7ajNRTQSb27aSBX5x1SZnfnAeUmJjE7yi26nHmtb7opbsG0UfiQ1p5oyDA+WxggW7PO7Oc0xaGShZDLqAHIw==",
      "engines": {
        "node": ">=18.0.0"
      }
    },
    "node_modules/@coderline/alphaskia-windows": {
      "version": "2.1.120",
      "resolved": "https://registry.npmjs.org/@coderline/alphaskia-windows/-/alphaskia-windows-2.1.120.tgz",
      "integrity": "sha512-KkM7A/oi9zBFZwTOr834198/mUCY+oQ5jxwnqh7/VNGVtZHas1mfNp8Wrw1MqkDWAo4eChQqRnyKC6I4smvhug==",
      "engines": {
        "node": ">=18.0.0"
      }
    },
    "node_modules/@coderline/alphatab": {
      "version": "1.5.0-alpha.1396",
      "resolved": "https://registry.npmjs.org/@coderline/alphatab/-/alphatab-1.5.0-alpha.1396.tgz",
      "integrity": "sha512-6oJHU5NN8pvWiZiLdKtdaW4Ufe/61q5Y2PRLMSCspeTifvmDUJiTTJVpZ+z5n9itLIBLLEfy9ULRbkOIAoyGiw==",
      "engines": {
        "node": ">=6.0.0"
      }
    }
  }
}
