{
  "name": "simple-esm",
  "version": "1.0.0",
  "lockfileVersion": 3,
  "requires": true,
  "packages": {
    "": {
      "name": "simple-esm",
      "version": "1.0.0",
      "license": "ISC",
      "dependencies": {
        "@coderline/alphaskia": "^2.1.120",
        "@coderline/alphaskia-linux": "^2.1.120",
        "@coderline/alphaskia-macos": "^2.1.120",
        "@coderline/alphaskia-windows": "^2.1.120",
        "@coderline/alphatab": "^1.3.0-alpha"
      }
    },
    "node_modules/@coderline/alphaskia": {
      "version": "2.1.120",
      "resolved": "https://registry.npmjs.org/@coderline/alphaskia/-/alphaskia-2.1.120.tgz",
      "integrity": "sha512-BKpiihZiR4PJUUOwE+PDvQ25jdptB8NXYne99OBl5A73ow7bNBQnvB2aedWTuP7IWUYYqLuOR08awtV5lrR/cg==",
      "engines": {
        "node": ">=18.0.0"
      },
      "optionalDependencies": {
        "@coderline/alphaskia-linux": "^2.1.0",
        "@coderline/alphaskia-macos": "^2.1.0",
        "@coderline/alphaskia-windows": "^2.1.0"
      }
    },
    "node_modules/@coderline/alphaskia-linux": {
      "version": "2.1.120",
      "resolved": "https://registry.npmjs.org/@coderline/alphaskia-linux/-/alphaskia-linux-2.1.120.tgz",
      "integrity": "sha512-6cwwj0eKX0AW2NQTUzjsALBz9B2jBvhAZRdJuoEF9TwXuPrtiKsC+sehKDQ6RdvrAoh/GW9TVCv11Mt0brfhOw==",
      "engines": {
        "node": ">=18.0.0"
      }
    },
    "node_modules/@coderline/alphaskia-macos": {
      "version": "2.1.120",
      "resolved": "https://registry.npmjs.org/@coderline/alphaskia-macos/-/alphaskia-macos-2.1.120.tgz",
      "integrity": "sha512-DH7ajNRTQSb27aSBX5x1SZnfnAeUmJjE7yi26nHmtb7opbsG0UfiQ1p5oyDA+WxggW7PO7Oc0xaGShZDLqAHIw==",
      "engines": {
        "node": ">=18.0.0"
      }
    },
    "node_modules/@coderline/alphaskia-windows": {
      "version": "2.1.120",
      "resolved": "https://registry.npmjs.org/@coderline/alphaskia-windows/-/alphaskia-windows-2.1.120.tgz",
      "integrity": "sha512-KkM7A/oi9zBFZwTOr834198/mUCY+oQ5jxwnqh7/VNGVtZHas1mfNp8Wrw1MqkDWAo4eChQqRnyKC6I4smvhug==",
      "engines": {
        "node": ">=18.0.0"
      }
    },
    "node_modules/@coderline/alphatab": {
      "version": "1.3.0-alpha.945",
      "resolved": "https://registry.npmjs.org/@coderline/alphatab/-/alphatab-1.3.0-alpha.945.tgz",
      "integrity": "sha512-w28WiS3aD8tEK083Dd506zDu1OWkQEEY8avGymwre2WfgSWMQ3XOB/zX9w7zf3R/H52jnWu9zSnHenQAZcoerg==",
      "dependencies": {
        "@types/express": "^4.17.21",
        "@types/opener": "^1.4.3"
      },
      "engines": {
        "node": ">=6.0.0"
      }
    },
    "node_modules/@types/body-parser": {
      "version": "1.19.5",
      "resolved": "https://registry.npmjs.org/@types/body-parser/-/body-parser-1.19.5.tgz",
      "integrity": "sha512-fB3Zu92ucau0iQ0JMCFQE7b/dv8Ot07NI3KaZIkIUNXq82k4eBAqUaneXfleGY9JWskeS9y+u0nXMyspcuQrCg==",
      "dependencies": {
        "@types/connect": "*",
        "@types/node": "*"
      }
    },
    "node_modules/@types/connect": {
      "version": "3.4.38",
      "resolved": "https://registry.npmjs.org/@types/connect/-/connect-3.4.38.tgz",
      "integrity": "sha512-K6uROf1LD88uDQqJCktA4yzL1YYAK6NgfsI0v/mTgyPKWsX1CnJ0XPSDhViejru1GcRkLWb8RlzFYJRqGUbaug==",
      "dependencies": {
        "@types/node": "*"
      }
    },
    "node_modules/@types/express": {
      "version": "4.17.21",
      "resolved": "https://registry.npmjs.org/@types/express/-/express-4.17.21.tgz",
      "integrity": "sha512-ejlPM315qwLpaQlQDTjPdsUFSc6ZsP4AN6AlWnogPjQ7CVi7PYF3YVz+CY3jE2pwYf7E/7HlDAN0rV2GxTG0HQ==",
      "dependencies": {
        "@types/body-parser": "*",
        "@types/express-serve-static-core": "^4.17.33",
        "@types/qs": "*",
        "@types/serve-static": "*"
      }
    },
    "node_modules/@types/express-serve-static-core": {
      "version": "4.17.43",
      "resolved": "https://registry.npmjs.org/@types/express-serve-static-core/-/express-serve-static-core-4.17.43.tgz",
      "integrity": "sha512-oaYtiBirUOPQGSWNGPWnzyAFJ0BP3cwvN4oWZQY+zUBwpVIGsKUkpBpSztp74drYcjavs7SKFZ4DX1V2QeN8rg==",
      "dependencies": {
        "@types/node": "*",
        "@types/qs": "*",
        "@types/range-parser": "*",
        "@types/send": "*"
      }
    },
    "node_modules/@types/http-errors": {
      "version": "2.0.4",
      "resolved": "https://registry.npmjs.org/@types/http-errors/-/http-errors-2.0.4.tgz",
      "integrity": "sha512-D0CFMMtydbJAegzOyHjtiKPLlvnm3iTZyZRSZoLq2mRhDdmLfIWOCYPfQJ4cu2erKghU++QvjcUjp/5h7hESpA=="
    },
    "node_modules/@types/mime": {
      "version": "1.3.5",
      "resolved": "https://registry.npmjs.org/@types/mime/-/mime-1.3.5.tgz",
      "integrity": "sha512-/pyBZWSLD2n0dcHE3hq8s8ZvcETHtEuF+3E7XVt0Ig2nvsVQXdghHVcEkIWjy9A0wKfTn97a/PSDYohKIlnP/w=="
    },
    "node_modules/@types/node": {
      "version": "20.11.24",
      "resolved": "https://registry.npmjs.org/@types/node/-/node-20.11.24.tgz",
      "integrity": "sha512-Kza43ewS3xoLgCEpQrsT+xRo/EJej1y0kVYGiLFE1NEODXGzTfwiC6tXTLMQskn1X4/Rjlh0MQUvx9W+L9long==",
      "dependencies": {
        "undici-types": "~5.26.4"
      }
    },
    "node_modules/@types/opener": {
      "version": "1.4.3",
      "resolved": "https://registry.npmjs.org/@types/opener/-/opener-1.4.3.tgz",
      "integrity": "sha512-g7TYSmy2RKZkU3QT/9pMISrhVmQtMNaYq6Aojn3Y6pht29Nu9VuijJCYIjofRj7ZaFtKdxh1I8xf3vdW4l86fg==",
      "dependencies": {
        "@types/node": "*"
      }
    },
    "node_modules/@types/qs": {
      "version": "6.9.12",
      "resolved": "https://registry.npmjs.org/@types/qs/-/qs-6.9.12.tgz",
      "integrity": "sha512-bZcOkJ6uWrL0Qb2NAWKa7TBU+mJHPzhx9jjLL1KHF+XpzEcR7EXHvjbHlGtR/IsP1vyPrehuS6XqkmaePy//mg=="
    },
    "node_modules/@types/range-parser": {
      "version": "1.2.7",
      "resolved": "https://registry.npmjs.org/@types/range-parser/-/range-parser-1.2.7.tgz",
      "integrity": "sha512-hKormJbkJqzQGhziax5PItDUTMAM9uE2XXQmM37dyd4hVM+5aVl7oVxMVUiVQn2oCQFN/LKCZdvSM0pFRqbSmQ=="
    },
    "node_modules/@types/send": {
      "version": "0.17.4",
      "resolved": "https://registry.npmjs.org/@types/send/-/send-0.17.4.tgz",
      "integrity": "sha512-x2EM6TJOybec7c52BX0ZspPodMsQUd5L6PRwOunVyVUhXiBSKf3AezDL8Dgvgt5o0UfKNfuA0eMLr2wLT4AiBA==",
      "dependencies": {
        "@types/mime": "^1",
        "@types/node": "*"
      }
    },
    "node_modules/@types/serve-static": {
      "version": "1.15.5",
      "resolved": "https://registry.npmjs.org/@types/serve-static/-/serve-static-1.15.5.tgz",
      "integrity": "sha512-PDRk21MnK70hja/YF8AHfC7yIsiQHn1rcXx7ijCFBX/k+XQJhQT/gw3xekXKJvx+5SXaMMS8oqQy09Mzvz2TuQ==",
      "dependencies": {
        "@types/http-errors": "*",
        "@types/mime": "*",
        "@types/node": "*"
      }
    },
    "node_modules/undici-types": {
      "version": "5.26.5",
      "resolved": "https://registry.npmjs.org/undici-types/-/undici-types-5.26.5.tgz",
      "integrity": "sha512-JlCMO+ehdEIKqlFxk6IfVoAUVmgz7cU7zD/h9XZ0qzeosSHmUJVOzSQvvYSYWXkFXC+IfLKSIffhv0sVZup6pA=="
    }
  }
}
