{
  "name": "simple-esm",
  "version": "1.0.0",
  "lockfileVersion": 2,
  "requires": true,
  "packages": {
    "": {
      "name": "simple-esm",
      "version": "1.0.0",
      "license": "ISC",
      "dependencies": {
        "@coderline/alphatab": "^1.3.0-alpha.172"
      }
    },
    "node_modules/@coderline/alphatab": {
      "version": "1.3.0-alpha.172",
      "resolved": "https://registry.npmjs.org/@coderline/alphatab/-/alphatab-1.3.0-alpha.172.tgz",
      "integrity": "sha512-/HbjFpbAp8Yut4Hj6f+nALoAiFoIB3IVcYHC7L23fWSrwi+Yo+4BHqNMrFIn25cpsrxgh6AyEtoX/CUGr+x2MA==",
      "engines": {
        "node": ">=6.0.0"
      }
    }
  },
  "dependencies": {
    "@coderline/alphatab": {
      "version": "1.3.0-alpha.172",
      "resolved": "https://registry.npmjs.org/@coderline/alphatab/-/alphatab-1.3.0-alpha.172.tgz",
      "integrity": "sha512-/HbjFpbAp8Yut4Hj6f+nALoAiFoIB3IVcYHC7L23fWSrwi+Yo+4BHqNMrFIn25cpsrxgh6AyEtoX/CUGr+x2MA=="
    }
  }
}
